// !$*UTF8*$!
{
	archiveVersion = 1;
	classes = {
	};
	objectVersion = 50;
	objects = {

/* Begin PBXBuildFile section */
		1360235D26885A90001397D6 /* SwiftUIDesignPracticeApp.swift in Sources */ = {isa = PBXBuildFile; fileRef = 1360235C26885A90001397D6 /* SwiftUIDesignPracticeApp.swift */; };
		1360235F26885A90001397D6 /* ContentView.swift in Sources */ = {isa = PBXBuildFile; fileRef = 1360235E26885A90001397D6 /* ContentView.swift */; };
		1360236126885A94001397D6 /* Assets.xcassets in Resources */ = {isa = PBXBuildFile; fileRef = 1360236026885A94001397D6 /* Assets.xcassets */; };
		1360236426885A94001397D6 /* Preview Assets.xcassets in Resources */ = {isa = PBXBuildFile; fileRef = 1360236326885A94001397D6 /* Preview Assets.xcassets */; };
		1360236C26885B0E001397D6 /* TitleView.swift in Sources */ = {isa = PBXBuildFile; fileRef = 1360236B26885B0E001397D6 /* TitleView.swift */; };
		136023732688756B001397D6 /* HelloWatch WatchKit App.app in Embed Watch Content */ = {isa = PBXBuildFile; fileRef = 136023722688756B001397D6 /* HelloWatch WatchKit App.app */; settings = {ATTRIBUTES = (RemoveHeadersOnCopy, ); }; };
		136023782688756F001397D6 /* Assets.xcassets in Resources */ = {isa = PBXBuildFile; fileRef = 136023772688756F001397D6 /* Assets.xcassets */; };
		1360237F2688756F001397D6 /* HelloWatch WatchKit Extension.appex in Embed App Extensions */ = {isa = PBXBuildFile; fileRef = 1360237E2688756F001397D6 /* HelloWatch WatchKit Extension.appex */; settings = {ATTRIBUTES = (RemoveHeadersOnCopy, ); }; };
		136023842688756F001397D6 /* SwiftUIDesignPracticeApp.swift in Sources */ = {isa = PBXBuildFile; fileRef = 136023832688756F001397D6 /* SwiftUIDesignPracticeApp.swift */; };
		136023862688756F001397D6 /* ContentView.swift in Sources */ = {isa = PBXBuildFile; fileRef = 136023852688756F001397D6 /* ContentView.swift */; };
		136023882688756F001397D6 /* NotificationController.swift in Sources */ = {isa = PBXBuildFile; fileRef = 136023872688756F001397D6 /* NotificationController.swift */; };
		1360238A2688756F001397D6 /* NotificationView.swift in Sources */ = {isa = PBXBuildFile; fileRef = 136023892688756F001397D6 /* NotificationView.swift */; };
		1360238C2688756F001397D6 /* ComplicationController.swift in Sources */ = {isa = PBXBuildFile; fileRef = 1360238B2688756F001397D6 /* ComplicationController.swift */; };
		1360238E26887570001397D6 /* Assets.xcassets in Resources */ = {isa = PBXBuildFile; fileRef = 1360238D26887570001397D6 /* Assets.xcassets */; };
		1360239126887570001397D6 /* Preview Assets.xcassets in Resources */ = {isa = PBXBuildFile; fileRef = 1360239026887570001397D6 /* Preview Assets.xcassets */; };
		13E6FA23268C7A950012F69F /* WeightScreen.swift in Sources */ = {isa = PBXBuildFile; fileRef = 13E6FA22268C7A950012F69F /* WeightScreen.swift */; };
		13E6FA25268C7ADD0012F69F /* CircularProgressIndicator.swift in Sources */ = {isa = PBXBuildFile; fileRef = 13E6FA24268C7ADD0012F69F /* CircularProgressIndicator.swift */; };
/* End PBXBuildFile section */

/* Begin PBXContainerItemProxy section */
		136023742688756B001397D6 /* PBXContainerItemProxy */ = {
			isa = PBXContainerItemProxy;
			containerPortal = 1360235126885A90001397D6 /* Project object */;
			proxyType = 1;
			remoteGlobalIDString = 136023712688756B001397D6;
			remoteInfo = "HelloWatch WatchKit App";
		};
		136023802688756F001397D6 /* PBXContainerItemProxy */ = {
			isa = PBXContainerItemProxy;
			containerPortal = 1360235126885A90001397D6 /* Project object */;
			proxyType = 1;
			remoteGlobalIDString = 1360237D2688756F001397D6;
			remoteInfo = "HelloWatch WatchKit Extension";
		};
/* End PBXContainerItemProxy section */

/* Begin PBXCopyFilesBuildPhase section */
		1360239726887570001397D6 /* Embed App Extensions */ = {
			isa = PBXCopyFilesBuildPhase;
			buildActionMask = 2147483647;
			dstPath = "";
			dstSubfolderSpec = 13;
			files = (
				1360237F2688756F001397D6 /* HelloWatch WatchKit Extension.appex in Embed App Extensions */,
			);
			name = "Embed App Extensions";
			runOnlyForDeploymentPostprocessing = 0;
		};
		1360239B26887570001397D6 /* Embed Watch Content */ = {
			isa = PBXCopyFilesBuildPhase;
			buildActionMask = 2147483647;
			dstPath = "$(CONTENTS_FOLDER_PATH)/Watch";
			dstSubfolderSpec = 16;
			files = (
				136023732688756B001397D6 /* HelloWatch WatchKit App.app in Embed Watch Content */,
			);
			name = "Embed Watch Content";
			runOnlyForDeploymentPostprocessing = 0;
		};
/* End PBXCopyFilesBuildPhase section */

/* Begin PBXFileReference section */
		1360235926885A90001397D6 /* SwiftUIDesignPractice.app */ = {isa = PBXFileReference; explicitFileType = wrapper.application; includeInIndex = 0; path = SwiftUIDesignPractice.app; sourceTree = BUILT_PRODUCTS_DIR; };
		1360235C26885A90001397D6 /* SwiftUIDesignPracticeApp.swift */ = {isa = PBXFileReference; lastKnownFileType = sourcecode.swift; path = SwiftUIDesignPracticeApp.swift; sourceTree = "<group>"; };
		1360235E26885A90001397D6 /* ContentView.swift */ = {isa = PBXFileReference; lastKnownFileType = sourcecode.swift; path = ContentView.swift; sourceTree = "<group>"; };
		1360236026885A94001397D6 /* Assets.xcassets */ = {isa = PBXFileReference; lastKnownFileType = folder.assetcatalog; path = Assets.xcassets; sourceTree = "<group>"; };
		1360236326885A94001397D6 /* Preview Assets.xcassets */ = {isa = PBXFileReference; lastKnownFileType = folder.assetcatalog; path = "Preview Assets.xcassets"; sourceTree = "<group>"; };
		1360236526885A94001397D6 /* Info.plist */ = {isa = PBXFileReference; lastKnownFileType = text.plist.xml; path = Info.plist; sourceTree = "<group>"; };
		1360236B26885B0E001397D6 /* TitleView.swift */ = {isa = PBXFileReference; lastKnownFileType = sourcecode.swift; path = TitleView.swift; sourceTree = "<group>"; };
		1360236F2688756B001397D6 /* HelloWatch.app */ = {isa = PBXFileReference; explicitFileType = wrapper.application; includeInIndex = 0; path = HelloWatch.app; sourceTree = BUILT_PRODUCTS_DIR; };
		136023722688756B001397D6 /* HelloWatch WatchKit App.app */ = {isa = PBXFileReference; explicitFileType = wrapper.application; includeInIndex = 0; path = "HelloWatch WatchKit App.app"; sourceTree = BUILT_PRODUCTS_DIR; };
		136023772688756F001397D6 /* Assets.xcassets */ = {isa = PBXFileReference; lastKnownFileType = folder.assetcatalog; path = Assets.xcassets; sourceTree = "<group>"; };
		136023792688756F001397D6 /* Info.plist */ = {isa = PBXFileReference; lastKnownFileType = text.plist.xml; path = Info.plist; sourceTree = "<group>"; };
		1360237E2688756F001397D6 /* HelloWatch WatchKit Extension.appex */ = {isa = PBXFileReference; explicitFileType = "wrapper.app-extension"; includeInIndex = 0; path = "HelloWatch WatchKit Extension.appex"; sourceTree = BUILT_PRODUCTS_DIR; };
		136023832688756F001397D6 /* SwiftUIDesignPracticeApp.swift */ = {isa = PBXFileReference; lastKnownFileType = sourcecode.swift; path = SwiftUIDesignPracticeApp.swift; sourceTree = "<group>"; };
		136023852688756F001397D6 /* ContentView.swift */ = {isa = PBXFileReference; lastKnownFileType = sourcecode.swift; path = ContentView.swift; sourceTree = "<group>"; };
		136023872688756F001397D6 /* NotificationController.swift */ = {isa = PBXFileReference; lastKnownFileType = sourcecode.swift; path = NotificationController.swift; sourceTree = "<group>"; };
		136023892688756F001397D6 /* NotificationView.swift */ = {isa = PBXFileReference; lastKnownFileType = sourcecode.swift; path = NotificationView.swift; sourceTree = "<group>"; };
		1360238B2688756F001397D6 /* ComplicationController.swift */ = {isa = PBXFileReference; lastKnownFileType = sourcecode.swift; path = ComplicationController.swift; sourceTree = "<group>"; };
		1360238D26887570001397D6 /* Assets.xcassets */ = {isa = PBXFileReference; lastKnownFileType = folder.assetcatalog; path = Assets.xcassets; sourceTree = "<group>"; };
		1360239026887570001397D6 /* Preview Assets.xcassets */ = {isa = PBXFileReference; lastKnownFileType = folder.assetcatalog; path = "Preview Assets.xcassets"; sourceTree = "<group>"; };
		1360239226887570001397D6 /* Info.plist */ = {isa = PBXFileReference; lastKnownFileType = text.plist.xml; path = Info.plist; sourceTree = "<group>"; };
		1360239326887570001397D6 /* PushNotificationPayload.apns */ = {isa = PBXFileReference; lastKnownFileType = text; path = PushNotificationPayload.apns; sourceTree = "<group>"; };
		13E6FA22268C7A950012F69F /* WeightScreen.swift */ = {isa = PBXFileReference; lastKnownFileType = sourcecode.swift; path = WeightScreen.swift; sourceTree = "<group>"; };
		13E6FA24268C7ADD0012F69F /* CircularProgressIndicator.swift */ = {isa = PBXFileReference; lastKnownFileType = sourcecode.swift; path = CircularProgressIndicator.swift; sourceTree = "<group>"; };
/* End PBXFileReference section */

/* Begin PBXFrameworksBuildPhase section */
		1360235626885A90001397D6 /* Frameworks */ = {
			isa = PBXFrameworksBuildPhase;
			buildActionMask = 2147483647;
			files = (
			);
			runOnlyForDeploymentPostprocessing = 0;
		};
		1360237B2688756F001397D6 /* Frameworks */ = {
			isa = PBXFrameworksBuildPhase;
			buildActionMask = 2147483647;
			files = (
			);
			runOnlyForDeploymentPostprocessing = 0;
		};
/* End PBXFrameworksBuildPhase section */

/* Begin PBXGroup section */
		1360235026885A90001397D6 = {
			isa = PBXGroup;
			children = (
				1360235B26885A90001397D6 /* SwiftUIDesignPractice */,
				136023762688756B001397D6 /* HelloWatch WatchKit App */,
				136023822688756F001397D6 /* HelloWatch WatchKit Extension */,
				1360235A26885A90001397D6 /* Products */,
			);
			sourceTree = "<group>";
		};
		1360235A26885A90001397D6 /* Products */ = {
			isa = PBXGroup;
			children = (
				1360235926885A90001397D6 /* SwiftUIDesignPractice.app */,
				1360236F2688756B001397D6 /* HelloWatch.app */,
				136023722688756B001397D6 /* HelloWatch WatchKit App.app */,
				1360237E2688756F001397D6 /* HelloWatch WatchKit Extension.appex */,
			);
			name = Products;
			sourceTree = "<group>";
		};
		1360235B26885A90001397D6 /* SwiftUIDesignPractice */ = {
			isa = PBXGroup;
			children = (
				1360235C26885A90001397D6 /* SwiftUIDesignPracticeApp.swift */,
				1360235E26885A90001397D6 /* ContentView.swift */,
				1360236B26885B0E001397D6 /* TitleView.swift */,
				1360236026885A94001397D6 /* Assets.xcassets */,
				1360236526885A94001397D6 /* Info.plist */,
				1360236226885A94001397D6 /* Preview Content */,
			);
			path = SwiftUIDesignPractice;
			sourceTree = "<group>";
		};
		1360236226885A94001397D6 /* Preview Content */ = {
			isa = PBXGroup;
			children = (
				1360236326885A94001397D6 /* Preview Assets.xcassets */,
			);
			path = "Preview Content";
			sourceTree = "<group>";
		};
		136023762688756B001397D6 /* HelloWatch WatchKit App */ = {
			isa = PBXGroup;
			children = (
				136023772688756F001397D6 /* Assets.xcassets */,
				136023792688756F001397D6 /* Info.plist */,
			);
			path = "HelloWatch WatchKit App";
			sourceTree = "<group>";
		};
		136023822688756F001397D6 /* HelloWatch WatchKit Extension */ = {
			isa = PBXGroup;
			children = (
				136023832688756F001397D6 /* SwiftUIDesignPracticeApp.swift */,
				136023852688756F001397D6 /* ContentView.swift */,
				13E6FA24268C7ADD0012F69F /* CircularProgressIndicator.swift */,
				13E6FA22268C7A950012F69F /* WeightScreen.swift */,
				136023872688756F001397D6 /* NotificationController.swift */,
				136023892688756F001397D6 /* NotificationView.swift */,
				1360238B2688756F001397D6 /* ComplicationController.swift */,
				1360238D26887570001397D6 /* Assets.xcassets */,
				1360239226887570001397D6 /* Info.plist */,
				1360239326887570001397D6 /* PushNotificationPayload.apns */,
				1360238F26887570001397D6 /* Preview Content */,
			);
			path = "HelloWatch WatchKit Extension";
			sourceTree = "<group>";
		};
		1360238F26887570001397D6 /* Preview Content */ = {
			isa = PBXGroup;
			children = (
				1360239026887570001397D6 /* Preview Assets.xcassets */,
			);
			path = "Preview Content";
			sourceTree = "<group>";
		};
/* End PBXGroup section */

/* Begin PBXNativeTarget section */
		1360235826885A90001397D6 /* SwiftUIDesignPractice */ = {
			isa = PBXNativeTarget;
			buildConfigurationList = 1360236826885A94001397D6 /* Build configuration list for PBXNativeTarget "SwiftUIDesignPractice" */;
			buildPhases = (
				1360235526885A90001397D6 /* Sources */,
				1360235626885A90001397D6 /* Frameworks */,
				1360235726885A90001397D6 /* Resources */,
			);
			buildRules = (
			);
			dependencies = (
			);
			name = SwiftUIDesignPractice;
			productName = SwiftUIDesignPractice;
			productReference = 1360235926885A90001397D6 /* SwiftUIDesignPractice.app */;
			productType = "com.apple.product-type.application";
		};
		1360236E2688756B001397D6 /* HelloWatch */ = {
			isa = PBXNativeTarget;
			buildConfigurationList = 1360239C26887570001397D6 /* Build configuration list for PBXNativeTarget "HelloWatch" */;
			buildPhases = (
				1360236D2688756B001397D6 /* Resources */,
				1360239B26887570001397D6 /* Embed Watch Content */,
			);
			buildRules = (
			);
			dependencies = (
				136023752688756B001397D6 /* PBXTargetDependency */,
			);
			name = HelloWatch;
			productName = HelloWatch;
			productReference = 1360236F2688756B001397D6 /* HelloWatch.app */;
			productType = "com.apple.product-type.application.watchapp2-container";
		};
		136023712688756B001397D6 /* HelloWatch WatchKit App */ = {
			isa = PBXNativeTarget;
			buildConfigurationList = 1360239826887570001397D6 /* Build configuration list for PBXNativeTarget "HelloWatch WatchKit App" */;
			buildPhases = (
				136023702688756B001397D6 /* Resources */,
				1360239726887570001397D6 /* Embed App Extensions */,
			);
			buildRules = (
			);
			dependencies = (
				136023812688756F001397D6 /* PBXTargetDependency */,
			);
			name = "HelloWatch WatchKit App";
			productName = "HelloWatch WatchKit App";
			productReference = 136023722688756B001397D6 /* HelloWatch WatchKit App.app */;
			productType = "com.apple.product-type.application.watchapp2";
		};
		1360237D2688756F001397D6 /* HelloWatch WatchKit Extension */ = {
			isa = PBXNativeTarget;
			buildConfigurationList = 1360239426887570001397D6 /* Build configuration list for PBXNativeTarget "HelloWatch WatchKit Extension" */;
			buildPhases = (
				1360237A2688756F001397D6 /* Sources */,
				1360237B2688756F001397D6 /* Frameworks */,
				1360237C2688756F001397D6 /* Resources */,
			);
			buildRules = (
			);
			dependencies = (
			);
			name = "HelloWatch WatchKit Extension";
			productName = "HelloWatch WatchKit Extension";
			productReference = 1360237E2688756F001397D6 /* HelloWatch WatchKit Extension.appex */;
			productType = "com.apple.product-type.watchkit2-extension";
		};
/* End PBXNativeTarget section */

/* Begin PBXProject section */
		1360235126885A90001397D6 /* Project object */ = {
			isa = PBXProject;
			attributes = {
				LastSwiftUpdateCheck = 1250;
				LastUpgradeCheck = 1250;
				TargetAttributes = {
					1360235826885A90001397D6 = {
						CreatedOnToolsVersion = 12.5.1;
					};
					1360236E2688756B001397D6 = {
						CreatedOnToolsVersion = 12.5.1;
					};
					136023712688756B001397D6 = {
						CreatedOnToolsVersion = 12.5.1;
					};
					1360237D2688756F001397D6 = {
						CreatedOnToolsVersion = 12.5.1;
					};
				};
			};
			buildConfigurationList = 1360235426885A90001397D6 /* Build configuration list for PBXProject "SwiftUIDesignPractice" */;
			compatibilityVersion = "Xcode 9.3";
			developmentRegion = en;
			hasScannedForEncodings = 0;
			knownRegions = (
				en,
				Base,
			);
			mainGroup = 1360235026885A90001397D6;
			productRefGroup = 1360235A26885A90001397D6 /* Products */;
			projectDirPath = "";
			projectRoot = "";
			targets = (
				1360235826885A90001397D6 /* SwiftUIDesignPractice */,
				1360236E2688756B001397D6 /* HelloWatch */,
				136023712688756B001397D6 /* HelloWatch WatchKit App */,
				1360237D2688756F001397D6 /* HelloWatch WatchKit Extension */,
			);
		};
/* End PBXProject section */

/* Begin PBXResourcesBuildPhase section */
		1360235726885A90001397D6 /* Resources */ = {
			isa = PBXResourcesBuildPhase;
			buildActionMask = 2147483647;
			files = (
				1360236426885A94001397D6 /* Preview Assets.xcassets in Resources */,
				1360236126885A94001397D6 /* Assets.xcassets in Resources */,
			);
			runOnlyForDeploymentPostprocessing = 0;
		};
		1360236D2688756B001397D6 /* Resources */ = {
			isa = PBXResourcesBuildPhase;
			buildActionMask = 2147483647;
			files = (
			);
			runOnlyForDeploymentPostprocessing = 0;
		};
		136023702688756B001397D6 /* Resources */ = {
			isa = PBXResourcesBuildPhase;
			buildActionMask = 2147483647;
			files = (
				136023782688756F001397D6 /* Assets.xcassets in Resources */,
			);
			runOnlyForDeploymentPostprocessing = 0;
		};
		1360237C2688756F001397D6 /* Resources */ = {
			isa = PBXResourcesBuildPhase;
			buildActionMask = 2147483647;
			files = (
				1360239126887570001397D6 /* Preview Assets.xcassets in Resources */,
				1360238E26887570001397D6 /* Assets.xcassets in Resources */,
			);
			runOnlyForDeploymentPostprocessing = 0;
		};
/* End PBXResourcesBuildPhase section */

/* Begin PBXSourcesBuildPhase section */
		1360235526885A90001397D6 /* Sources */ = {
			isa = PBXSourcesBuildPhase;
			buildActionMask = 2147483647;
			files = (
				1360235F26885A90001397D6 /* ContentView.swift in Sources */,
				1360235D26885A90001397D6 /* SwiftUIDesignPracticeApp.swift in Sources */,
				1360236C26885B0E001397D6 /* TitleView.swift in Sources */,
			);
			runOnlyForDeploymentPostprocessing = 0;
		};
		1360237A2688756F001397D6 /* Sources */ = {
			isa = PBXSourcesBuildPhase;
			buildActionMask = 2147483647;
			files = (
				136023882688756F001397D6 /* NotificationController.swift in Sources */,
				13E6FA25268C7ADD0012F69F /* CircularProgressIndicator.swift in Sources */,
				13E6FA23268C7A950012F69F /* WeightScreen.swift in Sources */,
				136023862688756F001397D6 /* ContentView.swift in Sources */,
				1360238C2688756F001397D6 /* ComplicationController.swift in Sources */,
				136023842688756F001397D6 /* SwiftUIDesignPracticeApp.swift in Sources */,
				1360238A2688756F001397D6 /* NotificationView.swift in Sources */,
			);
			runOnlyForDeploymentPostprocessing = 0;
		};
/* End PBXSourcesBuildPhase section */

/* Begin PBXTargetDependency section */
		136023752688756B001397D6 /* PBXTargetDependency */ = {
			isa = PBXTargetDependency;
			target = 136023712688756B001397D6 /* HelloWatch WatchKit App */;
			targetProxy = 136023742688756B001397D6 /* PBXContainerItemProxy */;
		};
		136023812688756F001397D6 /* PBXTargetDependency */ = {
			isa = PBXTargetDependency;
			target = 1360237D2688756F001397D6 /* HelloWatch WatchKit Extension */;
			targetProxy = 136023802688756F001397D6 /* PBXContainerItemProxy */;
		};
/* End PBXTargetDependency section */

/* Begin XCBuildConfiguration section */
		1360236626885A94001397D6 /* Debug */ = {
			isa = XCBuildConfiguration;
			buildSettings = {
				ALWAYS_SEARCH_USER_PATHS = NO;
				CLANG_ANALYZER_NONNULL = YES;
				CLANG_ANALYZER_NUMBER_OBJECT_CONVERSION = YES_AGGRESSIVE;
				CLANG_CXX_LANGUAGE_STANDARD = "gnu++14";
				CLANG_CXX_LIBRARY = "libc++";
				CLANG_ENABLE_MODULES = YES;
				CLANG_ENABLE_OBJC_ARC = YES;
				CLANG_ENABLE_OBJC_WEAK = YES;
				CLANG_WARN_BLOCK_CAPTURE_AUTORELEASING = YES;
				CLANG_WARN_BOOL_CONVERSION = YES;
				CLANG_WARN_COMMA = YES;
				CLANG_WARN_CONSTANT_CONVERSION = YES;
				CLANG_WARN_DEPRECATED_OBJC_IMPLEMENTATIONS = YES;
				CLANG_WARN_DIRECT_OBJC_ISA_USAGE = YES_ERROR;
				CLANG_WARN_DOCUMENTATION_COMMENTS = YES;
				CLANG_WARN_EMPTY_BODY = YES;
				CLANG_WARN_ENUM_CONVERSION = YES;
				CLANG_WARN_INFINITE_RECURSION = YES;
				CLANG_WARN_INT_CONVERSION = YES;
				CLANG_WARN_NON_LITERAL_NULL_CONVERSION = YES;
				CLANG_WARN_OBJC_IMPLICIT_RETAIN_SELF = YES;
				CLANG_WARN_OBJC_LITERAL_CONVERSION = YES;
				CLANG_WARN_OBJC_ROOT_CLASS = YES_ERROR;
				CLANG_WARN_QUOTED_INCLUDE_IN_FRAMEWORK_HEADER = YES;
				CLANG_WARN_RANGE_LOOP_ANALYSIS = YES;
				CLANG_WARN_STRICT_PROTOTYPES = YES;
				CLANG_WARN_SUSPICIOUS_MOVE = YES;
				CLANG_WARN_UNGUARDED_AVAILABILITY = YES_AGGRESSIVE;
				CLANG_WARN_UNREACHABLE_CODE = YES;
				CLANG_WARN__DUPLICATE_METHOD_MATCH = YES;
				COPY_PHASE_STRIP = NO;
				DEBUG_INFORMATION_FORMAT = dwarf;
				ENABLE_STRICT_OBJC_MSGSEND = YES;
				ENABLE_TESTABILITY = YES;
				GCC_C_LANGUAGE_STANDARD = gnu11;
				GCC_DYNAMIC_NO_PIC = NO;
				GCC_NO_COMMON_BLOCKS = YES;
				GCC_OPTIMIZATION_LEVEL = 0;
				GCC_PREPROCESSOR_DEFINITIONS = (
					"DEBUG=1",
					"$(inherited)",
				);
				GCC_WARN_64_TO_32_BIT_CONVERSION = YES;
				GCC_WARN_ABOUT_RETURN_TYPE = YES_ERROR;
				GCC_WARN_UNDECLARED_SELECTOR = YES;
				GCC_WARN_UNINITIALIZED_AUTOS = YES_AGGRESSIVE;
				GCC_WARN_UNUSED_FUNCTION = YES;
				GCC_WARN_UNUSED_VARIABLE = YES;
				IPHONEOS_DEPLOYMENT_TARGET = 14.5;
				MTL_ENABLE_DEBUG_INFO = INCLUDE_SOURCE;
				MTL_FAST_MATH = YES;
				ONLY_ACTIVE_ARCH = YES;
				SDKROOT = iphoneos;
				SWIFT_ACTIVE_COMPILATION_CONDITIONS = DEBUG;
				SWIFT_OPTIMIZATION_LEVEL = "-Onone";
			};
			name = Debug;
		};
		1360236726885A94001397D6 /* Release */ = {
			isa = XCBuildConfiguration;
			buildSettings = {
				ALWAYS_SEARCH_USER_PATHS = NO;
				CLANG_ANALYZER_NONNULL = YES;
				CLANG_ANALYZER_NUMBER_OBJECT_CONVERSION = YES_AGGRESSIVE;
				CLANG_CXX_LANGUAGE_STANDARD = "gnu++14";
				CLANG_CXX_LIBRARY = "libc++";
				CLANG_ENABLE_MODULES = YES;
				CLANG_ENABLE_OBJC_ARC = YES;
				CLANG_ENABLE_OBJC_WEAK = YES;
				CLANG_WARN_BLOCK_CAPTURE_AUTORELEASING = YES;
				CLANG_WARN_BOOL_CONVERSION = YES;
				CLANG_WARN_COMMA = YES;
				CLANG_WARN_CONSTANT_CONVERSION = YES;
				CLANG_WARN_DEPRECATED_OBJC_IMPLEMENTATIONS = YES;
				CLANG_WARN_DIRECT_OBJC_ISA_USAGE = YES_ERROR;
				CLANG_WARN_DOCUMENTATION_COMMENTS = YES;
				CLANG_WARN_EMPTY_BODY = YES;
				CLANG_WARN_ENUM_CONVERSION = YES;
				CLANG_WARN_INFINITE_RECURSION = YES;
				CLANG_WARN_INT_CONVERSION = YES;
				CLANG_WARN_NON_LITERAL_NULL_CONVERSION = YES;
				CLANG_WARN_OBJC_IMPLICIT_RETAIN_SELF = YES;
				CLANG_WARN_OBJC_LITERAL_CONVERSION = YES;
				CLANG_WARN_OBJC_ROOT_CLASS = YES_ERROR;
				CLANG_WARN_QUOTED_INCLUDE_IN_FRAMEWORK_HEADER = YES;
				CLANG_WARN_RANGE_LOOP_ANALYSIS = YES;
				CLANG_WARN_STRICT_PROTOTYPES = YES;
				CLANG_WARN_SUSPICIOUS_MOVE = YES;
				CLANG_WARN_UNGUARDED_AVAILABILITY = YES_AGGRESSIVE;
				CLANG_WARN_UNREACHABLE_CODE = YES;
				CLANG_WARN__DUPLICATE_METHOD_MATCH = YES;
				COPY_PHASE_STRIP = NO;
				DEBUG_INFORMATION_FORMAT = "dwarf-with-dsym";
				ENABLE_NS_ASSERTIONS = NO;
				ENABLE_STRICT_OBJC_MSGSEND = YES;
				GCC_C_LANGUAGE_STANDARD = gnu11;
				GCC_NO_COMMON_BLOCKS = YES;
				GCC_WARN_64_TO_32_BIT_CONVERSION = YES;
				GCC_WARN_ABOUT_RETURN_TYPE = YES_ERROR;
				GCC_WARN_UNDECLARED_SELECTOR = YES;
				GCC_WARN_UNINITIALIZED_AUTOS = YES_AGGRESSIVE;
				GCC_WARN_UNUSED_FUNCTION = YES;
				GCC_WARN_UNUSED_VARIABLE = YES;
				IPHONEOS_DEPLOYMENT_TARGET = 14.5;
				MTL_ENABLE_DEBUG_INFO = NO;
				MTL_FAST_MATH = YES;
				SDKROOT = iphoneos;
				SWIFT_COMPILATION_MODE = wholemodule;
				SWIFT_OPTIMIZATION_LEVEL = "-O";
				VALIDATE_PRODUCT = YES;
			};
			name = Release;
		};
		1360236926885A94001397D6 /* Debug */ = {
			isa = XCBuildConfiguration;
			buildSettings = {
				ASSETCATALOG_COMPILER_APPICON_NAME = AppIcon;
				ASSETCATALOG_COMPILER_GLOBAL_ACCENT_COLOR_NAME = AccentColor;
				CODE_SIGN_STYLE = Automatic;
				DEVELOPMENT_ASSET_PATHS = "\"SwiftUIDesignPractice/Preview Content\"";
				DEVELOPMENT_TEAM = XC67GJFB82;
				ENABLE_PREVIEWS = YES;
				INFOPLIST_FILE = SwiftUIDesignPractice/Info.plist;
				IPHONEOS_DEPLOYMENT_TARGET = 14.0;
				LD_RUNPATH_SEARCH_PATHS = (
					"$(inherited)",
					"@executable_path/Frameworks",
				);
				PRODUCT_BUNDLE_IDENTIFIER = in.saven.SwiftUIDesignPractice;
				PRODUCT_NAME = "$(TARGET_NAME)";
				SWIFT_VERSION = 5.0;
				TARGETED_DEVICE_FAMILY = "1,2";
			};
			name = Debug;
		};
		1360236A26885A94001397D6 /* Release */ = {
			isa = XCBuildConfiguration;
			buildSettings = {
				ASSETCATALOG_COMPILER_APPICON_NAME = AppIcon;
				ASSETCATALOG_COMPILER_GLOBAL_ACCENT_COLOR_NAME = AccentColor;
				CODE_SIGN_STYLE = Automatic;
				DEVELOPMENT_ASSET_PATHS = "\"SwiftUIDesignPractice/Preview Content\"";
				DEVELOPMENT_TEAM = XC67GJFB82;
				ENABLE_PREVIEWS = YES;
				INFOPLIST_FILE = SwiftUIDesignPractice/Info.plist;
				IPHONEOS_DEPLOYMENT_TARGET = 14.0;
				LD_RUNPATH_SEARCH_PATHS = (
					"$(inherited)",
					"@executable_path/Frameworks",
				);
				PRODUCT_BUNDLE_IDENTIFIER = in.saven.SwiftUIDesignPractice;
				PRODUCT_NAME = "$(TARGET_NAME)";
				SWIFT_VERSION = 5.0;
				TARGETED_DEVICE_FAMILY = "1,2";
			};
			name = Release;
		};
		1360239526887570001397D6 /* Debug */ = {
			isa = XCBuildConfiguration;
			buildSettings = {
				ASSETCATALOG_COMPILER_COMPLICATION_NAME = Complication;
				CODE_SIGN_STYLE = Automatic;
				DEVELOPMENT_ASSET_PATHS = "\"HelloWatch WatchKit Extension/Preview Content\"";
				DEVELOPMENT_TEAM = XC67GJFB82;
				ENABLE_PREVIEWS = YES;
				INFOPLIST_FILE = "HelloWatch WatchKit Extension/Info.plist";
				LD_RUNPATH_SEARCH_PATHS = (
					"$(inherited)",
					"@executable_path/Frameworks",
					"@executable_path/../../Frameworks",
				);
				PRODUCT_BUNDLE_IDENTIFIER = in.saven.HelloWatch.watchkitapp.watchkitextension;
				PRODUCT_NAME = "${TARGET_NAME}";
				SDKROOT = watchos;
				SKIP_INSTALL = YES;
				SWIFT_VERSION = 5.0;
				TARGETED_DEVICE_FAMILY = 4;
				WATCHOS_DEPLOYMENT_TARGET = 7.4;
			};
			name = Debug;
		};
		1360239626887570001397D6 /* Release */ = {
			isa = XCBuildConfiguration;
			buildSettings = {
				ASSETCATALOG_COMPILER_COMPLICATION_NAME = Complication;
				CODE_SIGN_STYLE = Automatic;
				DEVELOPMENT_ASSET_PATHS = "\"HelloWatch WatchKit Extension/Preview Content\"";
				DEVELOPMENT_TEAM = XC67GJFB82;
				ENABLE_PREVIEWS = YES;
				INFOPLIST_FILE = "HelloWatch WatchKit Extension/Info.plist";
				LD_RUNPATH_SEARCH_PATHS = (
					"$(inherited)",
					"@executable_path/Frameworks",
					"@executable_path/../../Frameworks",
				);
				PRODUCT_BUNDLE_IDENTIFIER = in.saven.HelloWatch.watchkitapp.watchkitextension;
				PRODUCT_NAME = "${TARGET_NAME}";
				SDKROOT = watchos;
				SKIP_INSTALL = YES;
				SWIFT_VERSION = 5.0;
				TARGETED_DEVICE_FAMILY = 4;
				WATCHOS_DEPLOYMENT_TARGET = 7.4;
			};
			name = Release;
		};
		1360239926887570001397D6 /* Debug */ = {
			isa = XCBuildConfiguration;
			buildSettings = {
				ALWAYS_EMBED_SWIFT_STANDARD_LIBRARIES = YES;
				ASSETCATALOG_COMPILER_APPICON_NAME = AppIcon;
				ASSETCATALOG_COMPILER_GLOBAL_ACCENT_COLOR_NAME = AccentColor;
				CODE_SIGN_STYLE = Automatic;
				DEVELOPMENT_TEAM = XC67GJFB82;
				IBSC_MODULE = HelloWatch_WatchKit_Extension;
				INFOPLIST_FILE = "HelloWatch WatchKit App/Info.plist";
				PRODUCT_BUNDLE_IDENTIFIER = in.saven.HelloWatch.watchkitapp;
				PRODUCT_NAME = "$(TARGET_NAME)";
				SDKROOT = watchos;
				SKIP_INSTALL = YES;
				SWIFT_VERSION = 5.0;
				TARGETED_DEVICE_FAMILY = 4;
				WATCHOS_DEPLOYMENT_TARGET = 7.4;
			};
			name = Debug;
		};
		1360239A26887570001397D6 /* Release */ = {
			isa = XCBuildConfiguration;
			buildSettings = {
				ALWAYS_EMBED_SWIFT_STANDARD_LIBRARIES = YES;
				ASSETCATALOG_COMPILER_APPICON_NAME = AppIcon;
				ASSETCATALOG_COMPILER_GLOBAL_ACCENT_COLOR_NAME = AccentColor;
				CODE_SIGN_STYLE = Automatic;
				DEVELOPMENT_TEAM = XC67GJFB82;
				IBSC_MODULE = HelloWatch_WatchKit_Extension;
				INFOPLIST_FILE = "HelloWatch WatchKit App/Info.plist";
				PRODUCT_BUNDLE_IDENTIFIER = in.saven.HelloWatch.watchkitapp;
				PRODUCT_NAME = "$(TARGET_NAME)";
				SDKROOT = watchos;
				SKIP_INSTALL = YES;
				SWIFT_VERSION = 5.0;
				TARGETED_DEVICE_FAMILY = 4;
				WATCHOS_DEPLOYMENT_TARGET = 7.4;
			};
			name = Release;
		};
		1360239D26887570001397D6 /* Debug */ = {
			isa = XCBuildConfiguration;
			buildSettings = {
				CODE_SIGN_STYLE = Automatic;
				CURRENT_PROJECT_VERSION = 1;
				DEVELOPMENT_TEAM = XC67GJFB82;
				MARKETING_VERSION = 1.0;
				PRODUCT_BUNDLE_IDENTIFIER = in.saven.HelloWatch;
				PRODUCT_NAME = "$(TARGET_NAME)";
				SWIFT_VERSION = 5.0;
			};
			name = Debug;
		};
		1360239E26887570001397D6 /* Release */ = {
			isa = XCBuildConfiguration;
			buildSettings = {
				CODE_SIGN_STYLE = Automatic;
				CURRENT_PROJECT_VERSION = 1;
				DEVELOPMENT_TEAM = XC67GJFB82;
				MARKETING_VERSION = 1.0;
				PRODUCT_BUNDLE_IDENTIFIER = in.saven.HelloWatch;
				PRODUCT_NAME = "$(TARGET_NAME)";
				SWIFT_VERSION = 5.0;
			};
			name = Release;
		};
/* End XCBuildConfiguration section */

/* Begin XCConfigurationList section */
		1360235426885A90001397D6 /* Build configuration list for PBXProject "SwiftUIDesignPractice" */ = {
			isa = XCConfigurationList;
			buildConfigurations = (
				1360236626885A94001397D6 /* Debug */,
				1360236726885A94001397D6 /* Release */,
			);
			defaultConfigurationIsVisible = 0;
			defaultConfigurationName = Release;
		};
		1360236826885A94001397D6 /* Build configuration list for PBXNativeTarget "SwiftUIDesignPractice" */ = {
			isa = XCConfigurationList;
			buildConfigurations = (
				1360236926885A94001397D6 /* Debug */,
				1360236A26885A94001397D6 /* Release */,
			);
			defaultConfigurationIsVisible = 0;
			defaultConfigurationName = Release;
		};
		1360239426887570001397D6 /* Build configuration list for PBXNativeTarget "HelloWatch WatchKit Extension" */ = {
			isa = XCConfigurationList;
			buildConfigurations = (
				1360239526887570001397D6 /* Debug */,
				1360239626887570001397D6 /* Release */,
			);
			defaultConfigurationIsVisible = 0;
			defaultConfigurationName = Release;
		};
		1360239826887570001397D6 /* Build configuration list for PBXNativeTarget "HelloWatch WatchKit App" */ = {
			isa = XCConfigurationList;
			buildConfigurations = (
				1360239926887570001397D6 /* Debug */,
				1360239A26887570001397D6 /* Release */,
			);
			defaultConfigurationIsVisible = 0;
			defaultConfigurationName = Release;
		};
		1360239C26887570001397D6 /* Build configuration list for PBXNativeTarget "HelloWatch" */ = {
			isa = XCConfigurationList;
			buildConfigurations = (
				1360239D26887570001397D6 /* Debug */,
				1360239E26887570001397D6 /* Release */,
			);
			defaultConfigurationIsVisible = 0;
			defaultConfigurationName = Release;
		};
/* End XCConfigurationList section */
	};
	rootObject = 1360235126885A90001397D6 /* Project object */;
}
